
Microsoft Visual Studio Solution File, Format Version 12.00
# Visual Studio Version 17
VisualStudioVersion = 17.0.32112.339
MinimumVisualStudioVersion = 10.0.40219.1
Project("{8BC9CEB8-8B4A-11D0-8D11-00A0C91BC942}") = "Synth", "Synth.vcxproj", "{DA4BF1A9-924E-47F7-8738-23A01D92DEF1}"
EndProject
Global
	GlobalSection(SolutionConfigurationPlatforms) = preSolution
		Debug|x64 = Debug|x64
		Debug|x86 = Debug|x86
		Release|x64 = Release|x64
		Release|x86 = Release|x86
	EndGlobalSection
	GlobalSection(ProjectConfigurationPlatforms) = postSolution
		{DA4BF1A9-924E-47F7-8738-23A01D92DEF1}.Debug|x64.ActiveCfg = Debug|x64
		{DA4BF1A9-924E-47F7-8738-23A01D92DEF1}.Debug|x64.Build.0 = Debug|x64
		{DA4BF1A9-924E-47F7-8738-23A01D92DEF1}.Debug|x86.ActiveCfg = Debug|Win32
		{DA4BF1A9-924E-47F7-8738-23A01D92DEF1}.Debug|x86.Build.0 = Debug|Win32
		{DA4BF1A9-924E-47F7-8738-23A01D92DEF1}.Release|x64.ActiveCfg = Release|x64
		{DA4BF1A9-924E-47F7-8738-23A01D92DEF1}.Release|x64.Build.0 = Release|x64
		{DA4BF1A9-924E-47F7-8738-23A01D92DEF1}.Release|x86.ActiveCfg = Release|Win32
		{DA4BF1A9-924E-47F7-8738-23A01D92DEF1}.Release|x86.Build.0 = Release|Win32
	EndGlobalSection
	GlobalSection(SolutionProperties) = preSolution
		HideSolutionNode = FALSE
	EndGlobalSection
	GlobalSection(ExtensibilityGlobals) = postSolution
		SolutionGuid = {8CA7A7DC-137A-4611-B747-8386E45F14DE}
	EndGlobalSection
EndGlobal
